// !$*UTF8*$!
{
	archiveVersion = 1;
	classes = {
	};
	objectVersion = 50;
	objects = {

/* Begin PBXBuildFile section */
		AEC750182463350600B9E113 /* AppDelegate.swift in Sources */ = {isa = PBXBuildFile; fileRef = AEC750172463350600B9E113 /* AppDelegate.swift */; };
		AEC7501A2463350600B9E113 /* SceneDelegate.swift in Sources */ = {isa = PBXBuildFile; fileRef = AEC750192463350600B9E113 /* SceneDelegate.swift */; };
		AEC7501C2463350600B9E113 /* ContentView.swift in Sources */ = {isa = PBXBuildFile; fileRef = AEC7501B2463350600B9E113 /* ContentView.swift */; };
		AEC7501E2463350700B9E113 /* Assets.xcassets in Resources */ = {isa = PBXBuildFile; fileRef = AEC7501D2463350700B9E113 /* Assets.xcassets */; };
		AEC750212463350700B9E113 /* Preview Assets.xcassets in Resources */ = {isa = PBXBuildFile; fileRef = AEC750202463350700B9E113 /* Preview Assets.xcassets */; };
		AEC750242463350700B9E113 /* LaunchScreen.storyboard in Resources */ = {isa = PBXBuildFile; fileRef = AEC750222463350700B9E113 /* LaunchScreen.storyboard */; };
		AEC7502D246336B500B9E113 /* MasjidList.swift in Sources */ = {isa = PBXBuildFile; fileRef = AEC7502C246336B500B9E113 /* MasjidList.swift */; };
		AEC7502F246336C500B9E113 /* MasjidDetails.swift in Sources */ = {isa = PBXBuildFile; fileRef = AEC7502E246336C500B9E113 /* MasjidDetails.swift */; };
		AEC75031246336E500B9E113 /* MasjidStruct.swift in Sources */ = {isa = PBXBuildFile; fileRef = AEC75030246336E500B9E113 /* MasjidStruct.swift */; };
		AEC75033246350BA00B9E113 /* ReadersStruct.swift in Sources */ = {isa = PBXBuildFile; fileRef = AEC75032246350BA00B9E113 /* ReadersStruct.swift */; };
		AEC750382463575600B9E113 /* Playsound.swift in Sources */ = {isa = PBXBuildFile; fileRef = AEC750372463575600B9E113 /* Playsound.swift */; };
		AED2B718246476180019F8FD /* 1.mp3 in Resources */ = {isa = PBXBuildFile; fileRef = AED2B717246476180019F8FD /* 1.mp3 */; };
/* End PBXBuildFile section */

/* Begin PBXFileReference section */
		AEC750142463350600B9E113 /* Day3Homework.app */ = {isa = PBXFileReference; explicitFileType = wrapper.application; includeInIndex = 0; path = Day3Homework.app; sourceTree = BUILT_PRODUCTS_DIR; };
		AEC750172463350600B9E113 /* AppDelegate.swift */ = {isa = PBXFileReference; lastKnownFileType = sourcecode.swift; path = AppDelegate.swift; sourceTree = "<group>"; };
		AEC750192463350600B9E113 /* SceneDelegate.swift */ = {isa = PBXFileReference; lastKnownFileType = sourcecode.swift; path = SceneDelegate.swift; sourceTree = "<group>"; };
		AEC7501B2463350600B9E113 /* ContentView.swift */ = {isa = PBXFileReference; lastKnownFileType = sourcecode.swift; path = ContentView.swift; sourceTree = "<group>"; };
		AEC7501D2463350700B9E113 /* Assets.xcassets */ = {isa = PBXFileReference; lastKnownFileType = folder.assetcatalog; path = Assets.xcassets; sourceTree = "<group>"; };
		AEC750202463350700B9E113 /* Preview Assets.xcassets */ = {isa = PBXFileReference; lastKnownFileType = folder.assetcatalog; path = "Preview Assets.xcassets"; sourceTree = "<group>"; };
		AEC750232463350700B9E113 /* Base */ = {isa = PBXFileReference; lastKnownFileType = file.storyboard; name = Base; path = Base.lproj/LaunchScreen.storyboard; sourceTree = "<group>"; };
		AEC750252463350700B9E113 /* Info.plist */ = {isa = PBXFileReference; lastKnownFileType = text.plist.xml; path = Info.plist; sourceTree = "<group>"; };
		AEC7502C246336B500B9E113 /* MasjidList.swift */ = {isa = PBXFileReference; lastKnownFileType = sourcecode.swift; path = MasjidList.swift; sourceTree = "<group>"; };
		AEC7502E246336C500B9E113 /* MasjidDetails.swift */ = {isa = PBXFileReference; lastKnownFileType = sourcecode.swift; path = MasjidDetails.swift; sourceTree = "<group>"; };
		AEC75030246336E500B9E113 /* MasjidStruct.swift */ = {isa = PBXFileReference; lastKnownFileType = sourcecode.swift; path = MasjidStruct.swift; sourceTree = "<group>"; };
		AEC75032246350BA00B9E113 /* ReadersStruct.swift */ = {isa = PBXFileReference; lastKnownFileType = sourcecode.swift; path = ReadersStruct.swift; sourceTree = "<group>"; };
		AEC750372463575600B9E113 /* Playsound.swift */ = {isa = PBXFileReference; lastKnownFileType = sourcecode.swift; path = Playsound.swift; sourceTree = "<group>"; };
		AED2B717246476180019F8FD /* 1.mp3 */ = {isa = PBXFileReference; lastKnownFileType = audio.mp3; path = 1.mp3; sourceTree = "<group>"; };
/* End PBXFileReference section */

/* Begin PBXFrameworksBuildPhase section */
		AEC750112463350600B9E113 /* Frameworks */ = {
			isa = PBXFrameworksBuildPhase;
			buildActionMask = 2147483647;
			files = (
			);
			runOnlyForDeploymentPostprocessing = 0;
		};
/* End PBXFrameworksBuildPhase section */

/* Begin PBXGroup section */
		AEC7500B2463350600B9E113 = {
			isa = PBXGroup;
			children = (
				AEC750162463350600B9E113 /* Day3Homework */,
				AEC750152463350600B9E113 /* Products */,
			);
			sourceTree = "<group>";
		};
		AEC750152463350600B9E113 /* Products */ = {
			isa = PBXGroup;
			children = (
				AEC750142463350600B9E113 /* Day3Homework.app */,
			);
			name = Products;
			sourceTree = "<group>";
		};
		AEC750162463350600B9E113 /* Day3Homework */ = {
			isa = PBXGroup;
			children = (
				AEC750172463350600B9E113 /* AppDelegate.swift */,
				AEC750192463350600B9E113 /* SceneDelegate.swift */,
				AEC7501B2463350600B9E113 /* ContentView.swift */,
				AEC7502B2463363C00B9E113 /* HomeworkDay3Masjd */,
				AEC7501D2463350700B9E113 /* Assets.xcassets */,
				AEC750222463350700B9E113 /* LaunchScreen.storyboard */,
				AEC750252463350700B9E113 /* Info.plist */,
				AEC7501F2463350700B9E113 /* Preview Content */,
			);
			path = Day3Homework;
			sourceTree = "<group>";
		};
		AEC7501F2463350700B9E113 /* Preview Content */ = {
			isa = PBXGroup;
			children = (
				AEC750202463350700B9E113 /* Preview Assets.xcassets */,
			);
			path = "Preview Content";
			sourceTree = "<group>";
		};
		AEC7502B2463363C00B9E113 /* HomeworkDay3Masjd */ = {
			isa = PBXGroup;
			children = (
				AEC7502C246336B500B9E113 /* MasjidList.swift */,
				AEC7502E246336C500B9E113 /* MasjidDetails.swift */,
				AEC75032246350BA00B9E113 /* ReadersStruct.swift */,
				AEC750372463575600B9E113 /* Playsound.swift */,
				AEC75030246336E500B9E113 /* MasjidStruct.swift */,
				AEC750342463554400B9E113 /* Sounds */,
			);
			path = HomeworkDay3Masjd;
			sourceTree = "<group>";
		};
		AEC750342463554400B9E113 /* Sounds */ = {
			isa = PBXGroup;
			children = (
				AED2B717246476180019F8FD /* 1.mp3 */,
			);
			path = Sounds;
			sourceTree = "<group>";
		};
/* End PBXGroup section */

/* Begin PBXNativeTarget section */
		AEC750132463350600B9E113 /* Day3Homework */ = {
			isa = PBXNativeTarget;
			buildConfigurationList = AEC750282463350700B9E113 /* Build configuration list for PBXNativeTarget "Day3Homework" */;
			buildPhases = (
				AEC750102463350600B9E113 /* Sources */,
				AEC750112463350600B9E113 /* Frameworks */,
				AEC750122463350600B9E113 /* Resources */,
			);
			buildRules = (
			);
			dependencies = (
			);
			name = Day3Homework;
			productName = Day3Homework;
			productReference = AEC750142463350600B9E113 /* Day3Homework.app */;
			productType = "com.apple.product-type.application";
		};
/* End PBXNativeTarget section */

/* Begin PBXProject section */
		AEC7500C2463350600B9E113 /* Project object */ = {
			isa = PBXProject;
			attributes = {
				LastSwiftUpdateCheck = 1140;
				LastUpgradeCheck = 1140;
				ORGANIZATIONNAME = "Bodour Alrashidi";
				TargetAttributes = {
					AEC750132463350600B9E113 = {
						CreatedOnToolsVersion = 11.4.1;
					};
				};
			};
			buildConfigurationList = AEC7500F2463350600B9E113 /* Build configuration list for PBXProject "Day3Homework" */;
			compatibilityVersion = "Xcode 9.3";
			developmentRegion = en;
			hasScannedForEncodings = 0;
			knownRegions = (
				en,
				Base,
			);
			mainGroup = AEC7500B2463350600B9E113;
			productRefGroup = AEC750152463350600B9E113 /* Products */;
			projectDirPath = "";
			projectRoot = "";
			targets = (
				AEC750132463350600B9E113 /* Day3Homework */,
			);
		};
/* End PBXProject section */

/* Begin PBXResourcesBuildPhase section */
		AEC750122463350600B9E113 /* Resources */ = {
			isa = PBXResourcesBuildPhase;
			buildActionMask = 2147483647;
			files = (
				AEC750242463350700B9E113 /* LaunchScreen.storyboard in Resources */,
				AEC750212463350700B9E113 /* Preview Assets.xcassets in Resources */,
				AED2B718246476180019F8FD /* 1.mp3 in Resources */,
				AEC7501E2463350700B9E113 /* Assets.xcassets in Resources */,
			);
			runOnlyForDeploymentPostprocessing = 0;
		};
/* End PBXResourcesBuildPhase section */

/* Begin PBXSourcesBuildPhase section */
		AEC750102463350600B9E113 /* Sources */ = {
			isa = PBXSourcesBuildPhase;
			buildActionMask = 2147483647;
			files = (
				AEC750182463350600B9E113 /* AppDelegate.swift in Sources */,
				AEC750382463575600B9E113 /* Playsound.swift in Sources */,
				AEC7501A2463350600B9E113 /* SceneDelegate.swift in Sources */,
				AEC7501C2463350600B9E113 /* ContentView.swift in Sources */,
				AEC7502D246336B500B9E113 /* MasjidList.swift in Sources */,
				AEC75031246336E500B9E113 /* MasjidStruct.swift in Sources */,
				AEC75033246350BA00B9E113 /* ReadersStruct.swift in Sources */,
				AEC7502F246336C500B9E113 /* MasjidDetails.swift in Sources */,
			);
			runOnlyForDeploymentPostprocessing = 0;
		};
/* End PBXSourcesBuildPhase section */

/* Begin PBXVariantGroup section */
		AEC750222463350700B9E113 /* LaunchScreen.storyboard */ = {
			isa = PBXVariantGroup;
			children = (
				AEC750232463350700B9E113 /* Base */,
			);
			name = LaunchScreen.storyboard;
			sourceTree = "<group>";
		};
/* End PBXVariantGroup section */

/* Begin XCBuildConfiguration section */
		AEC750262463350700B9E113 /* Debug */ = {
			isa = XCBuildConfiguration;
			buildSettings = {
				ALWAYS_SEARCH_USER_PATHS = NO;
				CLANG_ANALYZER_NONNULL = YES;
				CLANG_ANALYZER_NUMBER_OBJECT_CONVERSION = YES_AGGRESSIVE;
				CLANG_CXX_LANGUAGE_STANDARD = "gnu++14";
				CLANG_CXX_LIBRARY = "libc++";
				CLANG_ENABLE_MODULES = YES;
				CLANG_ENABLE_OBJC_ARC = YES;
				CLANG_ENABLE_OBJC_WEAK = YES;
				CLANG_WARN_BLOCK_CAPTURE_AUTORELEASING = YES;
				CLANG_WARN_BOOL_CONVERSION = YES;
				CLANG_WARN_COMMA = YES;
				CLANG_WARN_CONSTANT_CONVERSION = YES;
				CLANG_WARN_DEPRECATED_OBJC_IMPLEMENTATIONS = YES;
				CLANG_WARN_DIRECT_OBJC_ISA_USAGE = YES_ERROR;
				CLANG_WARN_DOCUMENTATION_COMMENTS = YES;
				CLANG_WARN_EMPTY_BODY = YES;
				CLANG_WARN_ENUM_CONVERSION = YES;
				CLANG_WARN_INFINITE_RECURSION = YES;
				CLANG_WARN_INT_CONVERSION = YES;
				CLANG_WARN_NON_LITERAL_NULL_CONVERSION = YES;
				CLANG_WARN_OBJC_IMPLICIT_RETAIN_SELF = YES;
				CLANG_WARN_OBJC_LITERAL_CONVERSION = YES;
				CLANG_WARN_OBJC_ROOT_CLASS = YES_ERROR;
				CLANG_WARN_RANGE_LOOP_ANALYSIS = YES;
				CLANG_WARN_STRICT_PROTOTYPES = YES;
				CLANG_WARN_SUSPICIOUS_MOVE = YES;
				CLANG_WARN_UNGUARDED_AVAILABILITY = YES_AGGRESSIVE;
				CLANG_WARN_UNREACHABLE_CODE = YES;
				CLANG_WARN__DUPLICATE_METHOD_MATCH = YES;
				COPY_PHASE_STRIP = NO;
				DEBUG_INFORMATION_FORMAT = dwarf;
				ENABLE_STRICT_OBJC_MSGSEND = YES;
				ENABLE_TESTABILITY = YES;
				GCC_C_LANGUAGE_STANDARD = gnu11;
				GCC_DYNAMIC_NO_PIC = NO;
				GCC_NO_COMMON_BLOCKS = YES;
				GCC_OPTIMIZATION_LEVEL = 0;
				GCC_PREPROCESSOR_DEFINITIONS = (
					"DEBUG=1",
					"$(inherited)",
				);
				GCC_WARN_64_TO_32_BIT_CONVERSION = YES;
				GCC_WARN_ABOUT_RETURN_TYPE = YES_ERROR;
				GCC_WARN_UNDECLARED_SELECTOR = YES;
				GCC_WARN_UNINITIALIZED_AUTOS = YES_AGGRESSIVE;
				GCC_WARN_UNUSED_FUNCTION = YES;
				GCC_WARN_UNUSED_VARIABLE = YES;
				IPHONEOS_DEPLOYMENT_TARGET = 13.4;
				MTL_ENABLE_DEBUG_INFO = INCLUDE_SOURCE;
				MTL_FAST_MATH = YES;
				ONLY_ACTIVE_ARCH = YES;
				SDKROOT = iphoneos;
				SWIFT_ACTIVE_COMPILATION_CONDITIONS = DEBUG;
				SWIFT_OPTIMIZATION_LEVEL = "-Onone";
			};
			name = Debug;
		};
		AEC750272463350700B9E113 /* Release */ = {
			isa = XCBuildConfiguration;
			buildSettings = {
				ALWAYS_SEARCH_USER_PATHS = NO;
				CLANG_ANALYZER_NONNULL = YES;
				CLANG_ANALYZER_NUMBER_OBJECT_CONVERSION = YES_AGGRESSIVE;
				CLANG_CXX_LANGUAGE_STANDARD = "gnu++14";
				CLANG_CXX_LIBRARY = "libc++";
				CLANG_ENABLE_MODULES = YES;
				CLANG_ENABLE_OBJC_ARC = YES;
				CLANG_ENABLE_OBJC_WEAK = YES;
				CLANG_WARN_BLOCK_CAPTURE_AUTORELEASING = YES;
				CLANG_WARN_BOOL_CONVERSION = YES;
				CLANG_WARN_COMMA = YES;
				CLANG_WARN_CONSTANT_CONVERSION = YES;
				CLANG_WARN_DEPRECATED_OBJC_IMPLEMENTATIONS = YES;
				CLANG_WARN_DIRECT_OBJC_ISA_USAGE = YES_ERROR;
				CLANG_WARN_DOCUMENTATION_COMMENTS = YES;
				CLANG_WARN_EMPTY_BODY = YES;
				CLANG_WARN_ENUM_CONVERSION = YES;
				CLANG_WARN_INFINITE_RECURSION = YES;
				CLANG_WARN_INT_CONVERSION = YES;
				CLANG_WARN_NON_LITERAL_NULL_CONVERSION = YES;
				CLANG_WARN_OBJC_IMPLICIT_RETAIN_SELF = YES;
				CLANG_WARN_OBJC_LITERAL_CONVERSION = YES;
				CLANG_WARN_OBJC_ROOT_CLASS = YES_ERROR;
				CLANG_WARN_RANGE_LOOP_ANALYSIS = YES;
				CLANG_WARN_STRICT_PROTOTYPES = YES;
				CLANG_WARN_SUSPICIOUS_MOVE = YES;
				CLANG_WARN_UNGUARDED_AVAILABILITY = YES_AGGRESSIVE;
				CLANG_WARN_UNREACHABLE_CODE = YES;
				CLANG_WARN__DUPLICATE_METHOD_MATCH = YES;
				COPY_PHASE_STRIP = NO;
				DEBUG_INFORMATION_FORMAT = "dwarf-with-dsym";
				ENABLE_NS_ASSERTIONS = NO;
				ENABLE_STRICT_OBJC_MSGSEND = YES;
				GCC_C_LANGUAGE_STANDARD = gnu11;
				GCC_NO_COMMON_BLOCKS = YES;
				GCC_WARN_64_TO_32_BIT_CONVERSION = YES;
				GCC_WARN_ABOUT_RETURN_TYPE = YES_ERROR;
				GCC_WARN_UNDECLARED_SELECTOR = YES;
				GCC_WARN_UNINITIALIZED_AUTOS = YES_AGGRESSIVE;
				GCC_WARN_UNUSED_FUNCTION = YES;
				GCC_WARN_UNUSED_VARIABLE = YES;
				IPHONEOS_DEPLOYMENT_TARGET = 13.4;
				MTL_ENABLE_DEBUG_INFO = NO;
				MTL_FAST_MATH = YES;
				SDKROOT = iphoneos;
				SWIFT_COMPILATION_MODE = wholemodule;
				SWIFT_OPTIMIZATION_LEVEL = "-O";
				VALIDATE_PRODUCT = YES;
			};
			name = Release;
		};
		AEC750292463350700B9E113 /* Debug */ = {
			isa = XCBuildConfiguration;
			buildSettings = {
				ASSETCATALOG_COMPILER_APPICON_NAME = AppIcon;
				CODE_SIGN_STYLE = Automatic;
				DEVELOPMENT_ASSET_PATHS = "\"Day3Homework/Preview Content\"";
				DEVELOPMENT_TEAM = 3SGZJ97MN5;
				ENABLE_PREVIEWS = YES;
				INFOPLIST_FILE = Day3Homework/Info.plist;
				LD_RUNPATH_SEARCH_PATHS = (
					"$(inherited)",
					"@executable_path/Frameworks",
				);
				PRODUCT_BUNDLE_IDENTIFIER = com.bea.Day3Homework;
				PRODUCT_NAME = "$(TARGET_NAME)";
				SWIFT_VERSION = 5.0;
				TARGETED_DEVICE_FAMILY = "1,2";
			};
			name = Debug;
		};
		AEC7502A2463350700B9E113 /* Release */ = {
			isa = XCBuildConfiguration;
			buildSettings = {
				ASSETCATALOG_COMPILER_APPICON_NAME = AppIcon;
				CODE_SIGN_STYLE = Automatic;
				DEVELOPMENT_ASSET_PATHS = "\"Day3Homework/Preview Content\"";
				DEVELOPMENT_TEAM = 3SGZJ97MN5;
				ENABLE_PREVIEWS = YES;
				INFOPLIST_FILE = Day3Homework/Info.plist;
				LD_RUNPATH_SEARCH_PATHS = (
					"$(inherited)",
					"@executable_path/Frameworks",
				);
				PRODUCT_BUNDLE_IDENTIFIER = com.bea.Day3Homework;
				PRODUCT_NAME = "$(TARGET_NAME)";
				SWIFT_VERSION = 5.0;
				TARGETED_DEVICE_FAMILY = "1,2";
			};
			name = Release;
		};
/* End XCBuildConfiguration section */

/* Begin XCConfigurationList section */
		AEC7500F2463350600B9E113 /* Build configuration list for PBXProject "Day3Homework" */ = {
			isa = XCConfigurationList;
			buildConfigurations = (
				AEC750262463350700B9E113 /* Debug */,
				AEC750272463350700B9E113 /* Release */,
			);
			defaultConfigurationIsVisible = 0;
			defaultConfigurationName = Release;
		};
		AEC750282463350700B9E113 /* Build configuration list for PBXNativeTarget "Day3Homework" */ = {
			isa = XCConfigurationList;
			buildConfigurations = (
				AEC750292463350700B9E113 /* Debug */,
				AEC7502A2463350700B9E113 /* Release */,
			);
			defaultConfigurationIsVisible = 0;
			defaultConfigurationName = Release;
		};
/* End XCConfigurationList section */
	};
	rootObject = AEC7500C2463350600B9E113 /* Project object */;
}
